
Microsoft Visual Studio Solution File, Format Version 12.00
# Visual Studio Version 17
VisualStudioVersion = 17.3.32929.385
MinimumVisualStudioVersion = 10.0.40219.1
Project("{FAE04EC0-301F-11D3-BF4B-00C04F79EFBC}") = "Task2Codes", "Task2Codes\Task2Codes.csproj", "{71611971-E631-4898-AD3E-B33C36DD34B6}"
EndProject
Global
	GlobalSection(SolutionConfigurationPlatforms) = preSolution
		Debug|Any CPU = Debug|Any CPU
		Release|Any CPU = Release|Any CPU
	EndGlobalSection
	GlobalSection(ProjectConfigurationPlatforms) = postSolution
		{71611971-E631-4898-AD3E-B33C36DD34B6}.Debug|Any CPU.ActiveCfg = Debug|Any CPU
		{71611971-E631-4898-AD3E-B33C36DD34B6}.Debug|Any CPU.Build.0 = Debug|Any CPU
		{71611971-E631-4898-AD3E-B33C36DD34B6}.Release|Any CPU.ActiveCfg = Release|Any CPU
		{71611971-E631-4898-AD3E-B33C36DD34B6}.Release|Any CPU.Build.0 = Release|Any CPU
	EndGlobalSection
	GlobalSection(SolutionProperties) = preSolution
		HideSolutionNode = FALSE
	EndGlobalSection
	GlobalSection(ExtensibilityGlobals) = postSolution
		SolutionGuid = {B888C799-AA08-4767-AA04-74D2C0C11F0E}
	EndGlobalSection
EndGlobal
